
Microsoft Visual Studio Solution File, Format Version 12.00
# Visual Studio Version 17
VisualStudioVersion = 17.5.002.0
MinimumVisualStudioVersion = 10.0.40219.1
Project("{2150E333-8FDC-42A3-9474-1A3956D46DE8}") = "prepare", "prepare", "{0C094190-1980-4AB2-8CE2-C86CA91FA0BB}"
EndProject
Project("{9A19103F-16F7-4668-BE54-9A1E7A4F7556}") = "Learning02", "prepare\Learning02\Learning02.csproj", "{061D3FCF-99F8-4C61-A84A-857D9DE66E64}"
EndProject
Project("{9A19103F-16F7-4668-BE54-9A1E7A4F7556}") = "Learning05", "prepare\Learning05\Learning05.csproj", "{A9E54973-3EF6-4004-9EC3-344A1BC7835A}"
EndProject
Project("{9A19103F-16F7-4668-BE54-9A1E7A4F7556}") = "Learning04", "prepare\Learning04\Learning04.csproj", "{CDD8AA40-4977-43FB-850B-73994F3281BD}"
EndProject
Project("{9A19103F-16F7-4668-BE54-9A1E7A4F7556}") = "Learning03", "prepare\Learning03\Learning03.csproj", "{77F9EFF1-EF9B-49DD-85AC-2A1D1A017082}"
EndProject
Project("{2150E333-8FDC-42A3-9474-1A3956D46DE8}") = "prove", "prove", "{43308F13-0F1B-4D54-9FC2-4C433222A849}"
EndProject
Project("{9A19103F-16F7-4668-BE54-9A1E7A4F7556}") = "Develop03", "prove\Develop03\Develop03.csproj", "{7FEF85B7-837A-448B-856E-CA58E06C0BFE}"
EndProject
Project("{9A19103F-16F7-4668-BE54-9A1E7A4F7556}") = "Develop04", "prove\Develop04\Develop04.csproj", "{2124589C-8D0F-430A-81E2-25AE08B372CF}"
EndProject
Project("{9A19103F-16F7-4668-BE54-9A1E7A4F7556}") = "Develop05", "prove\Develop05\Develop05.csproj", "{53EA56C5-923F-44FC-ADEA-7F0A806A2918}"
EndProject
Project("{9A19103F-16F7-4668-BE54-9A1E7A4F7556}") = "Develop02", "prove\Develop02\Develop02.csproj", "{CB823829-E557-4AD7-B73B-B43085473827}"
EndProject
Project("{2150E333-8FDC-42A3-9474-1A3956D46DE8}") = "sandbox", "sandbox", "{29FFA812-083D-4E5E-B70A-2261F50A3201}"
EndProject
Project("{9A19103F-16F7-4668-BE54-9A1E7A4F7556}") = "Sandbox", "sandbox\Sandbox\Sandbox.csproj", "{B3A37627-8F55-4980-994D-011AF433BA46}"
EndProject
Project("{2150E333-8FDC-42A3-9474-1A3956D46DE8}") = "final", "final", "{7818D1DE-FC7F-462D-8B4E-DC14CE1C53E7}"
EndProject
Project("{9A19103F-16F7-4668-BE54-9A1E7A4F7556}") = "FinalProject", "final\FinalProject\FinalProject.csproj", "{04CD90B5-313D-4131-904F-AD605B873150}"
EndProject
Project("{9A19103F-16F7-4668-BE54-9A1E7A4F7556}") = "Foundation1", "final\Foundation1\Foundation1.csproj", "{E7543811-7EE6-4609-8D3A-5EAD45F5EF7F}"
EndProject
Project("{9A19103F-16F7-4668-BE54-9A1E7A4F7556}") = "Foundation4", "final\Foundation4\Foundation4.csproj", "{25811FEE-88E5-4C16-BB76-CCDAE8DC1303}"
EndProject
Project("{9A19103F-16F7-4668-BE54-9A1E7A4F7556}") = "Foundation3", "final\Foundation3\Foundation3.csproj", "{212F8DFF-29D5-40D9-8D1D-6C3A2D43105D}"
EndProject
Project("{9A19103F-16F7-4668-BE54-9A1E7A4F7556}") = "Foundation2", "final\Foundation2\Foundation2.csproj", "{088AA622-AEE1-45B2-9390-DCACDD20D982}"
EndProject
Project("{2150E333-8FDC-42A3-9474-1A3956D46DE8}") = "csharp-prep", "csharp-prep", "{D359777B-D205-4CAB-99F7-09FAE718B57E}"
EndProject
Project("{9A19103F-16F7-4668-BE54-9A1E7A4F7556}") = "Prep1", "csharp-prep\Prep1\Prep1.csproj", "{7F225226-33AC-4456-9ED9-12FCC9227AAF}"
EndProject
Project("{9A19103F-16F7-4668-BE54-9A1E7A4F7556}") = "Prep5", "csharp-prep\Prep5\Prep5.csproj", "{43642733-A9E2-4151-90AB-6E3E6B70601F}"
EndProject
Project("{9A19103F-16F7-4668-BE54-9A1E7A4F7556}") = "Prep2", "csharp-prep\Prep2\Prep2.csproj", "{F34C8A2C-40BC-46AC-8DFF-DA8D77FCECDF}"
EndProject
Project("{9A19103F-16F7-4668-BE54-9A1E7A4F7556}") = "Prep3", "csharp-prep\Prep3\Prep3.csproj", "{776427E8-7F1A-48ED-AFFF-3E266BE7ADE9}"
EndProject
Project("{9A19103F-16F7-4668-BE54-9A1E7A4F7556}") = "Prep4", "csharp-prep\Prep4\Prep4.csproj", "{5286C067-DB97-483F-9867-EB1AD1CE0E85}"
EndProject
Global
	GlobalSection(SolutionConfigurationPlatforms) = preSolution
		Debug|Any CPU = Debug|Any CPU
		Release|Any CPU = Release|Any CPU
	EndGlobalSection
	GlobalSection(ProjectConfigurationPlatforms) = postSolution
		{061D3FCF-99F8-4C61-A84A-857D9DE66E64}.Debug|Any CPU.ActiveCfg = Debug|Any CPU
		{061D3FCF-99F8-4C61-A84A-857D9DE66E64}.Debug|Any CPU.Build.0 = Debug|Any CPU
		{061D3FCF-99F8-4C61-A84A-857D9DE66E64}.Release|Any CPU.ActiveCfg = Release|Any CPU
		{061D3FCF-99F8-4C61-A84A-857D9DE66E64}.Release|Any CPU.Build.0 = Release|Any CPU
		{A9E54973-3EF6-4004-9EC3-344A1BC7835A}.Debug|Any CPU.ActiveCfg = Debug|Any CPU
		{A9E54973-3EF6-4004-9EC3-344A1BC7835A}.Debug|Any CPU.Build.0 = Debug|Any CPU
		{A9E54973-3EF6-4004-9EC3-344A1BC7835A}.Release|Any CPU.ActiveCfg = Release|Any CPU
		{A9E54973-3EF6-4004-9EC3-344A1BC7835A}.Release|Any CPU.Build.0 = Release|Any CPU
		{CDD8AA40-4977-43FB-850B-73994F3281BD}.Debug|Any CPU.ActiveCfg = Debug|Any CPU
		{CDD8AA40-4977-43FB-850B-73994F3281BD}.Debug|Any CPU.Build.0 = Debug|Any CPU
		{CDD8AA40-4977-43FB-850B-73994F3281BD}.Release|Any CPU.ActiveCfg = Release|Any CPU
		{CDD8AA40-4977-43FB-850B-73994F3281BD}.Release|Any CPU.Build.0 = Release|Any CPU
		{77F9EFF1-EF9B-49DD-85AC-2A1D1A017082}.Debug|Any CPU.ActiveCfg = Debug|Any CPU
		{77F9EFF1-EF9B-49DD-85AC-2A1D1A017082}.Debug|Any CPU.Build.0 = Debug|Any CPU
		{77F9EFF1-EF9B-49DD-85AC-2A1D1A017082}.Release|Any CPU.ActiveCfg = Release|Any CPU
		{77F9EFF1-EF9B-49DD-85AC-2A1D1A017082}.Release|Any CPU.Build.0 = Release|Any CPU
		{7FEF85B7-837A-448B-856E-CA58E06C0BFE}.Debug|Any CPU.ActiveCfg = Debug|Any CPU
		{7FEF85B7-837A-448B-856E-CA58E06C0BFE}.Debug|Any CPU.Build.0 = Debug|Any CPU
		{7FEF85B7-837A-448B-856E-CA58E06C0BFE}.Release|Any CPU.ActiveCfg = Release|Any CPU
		{7FEF85B7-837A-448B-856E-CA58E06C0BFE}.Release|Any CPU.Build.0 = Release|Any CPU
		{2124589C-8D0F-430A-81E2-25AE08B372CF}.Debug|Any CPU.ActiveCfg = Debug|Any CPU
		{2124589C-8D0F-430A-81E2-25AE08B372CF}.Debug|Any CPU.Build.0 = Debug|Any CPU
		{2124589C-8D0F-430A-81E2-25AE08B372CF}.Release|Any CPU.ActiveCfg = Release|Any CPU
		{2124589C-8D0F-430A-81E2-25AE08B372CF}.Release|Any CPU.Build.0 = Release|Any CPU
		{53EA56C5-923F-44FC-ADEA-7F0A806A2918}.Debug|Any CPU.ActiveCfg = Debug|Any CPU
		{53EA56C5-923F-44FC-ADEA-7F0A806A2918}.Debug|Any CPU.Build.0 = Debug|Any CPU
		{53EA56C5-923F-44FC-ADEA-7F0A806A2918}.Release|Any CPU.ActiveCfg = Release|Any CPU
		{53EA56C5-923F-44FC-ADEA-7F0A806A2918}.Release|Any CPU.Build.0 = Release|Any CPU
		{CB823829-E557-4AD7-B73B-B43085473827}.Debug|Any CPU.ActiveCfg = Debug|Any CPU
		{CB823829-E557-4AD7-B73B-B43085473827}.Debug|Any CPU.Build.0 = Debug|Any CPU
		{CB823829-E557-4AD7-B73B-B43085473827}.Release|Any CPU.ActiveCfg = Release|Any CPU
		{CB823829-E557-4AD7-B73B-B43085473827}.Release|Any CPU.Build.0 = Release|Any CPU
		{B3A37627-8F55-4980-994D-011AF433BA46}.Debug|Any CPU.ActiveCfg = Debug|Any CPU
		{B3A37627-8F55-4980-994D-011AF433BA46}.Debug|Any CPU.Build.0 = Debug|Any CPU
		{B3A37627-8F55-4980-994D-011AF433BA46}.Release|Any CPU.ActiveCfg = Release|Any CPU
		{B3A37627-8F55-4980-994D-011AF433BA46}.Release|Any CPU.Build.0 = Release|Any CPU
		{04CD90B5-313D-4131-904F-AD605B873150}.Debug|Any CPU.ActiveCfg = Debug|Any CPU
		{04CD90B5-313D-4131-904F-AD605B873150}.Debug|Any CPU.Build.0 = Debug|Any CPU
		{04CD90B5-313D-4131-904F-AD605B873150}.Release|Any CPU.ActiveCfg = Release|Any CPU
		{04CD90B5-313D-4131-904F-AD605B873150}.Release|Any CPU.Build.0 = Release|Any CPU
		{E7543811-7EE6-4609-8D3A-5EAD45F5EF7F}.Debug|Any CPU.ActiveCfg = Debug|Any CPU
		{E7543811-7EE6-4609-8D3A-5EAD45F5EF7F}.Debug|Any CPU.Build.0 = Debug|Any CPU
		{E7543811-7EE6-4609-8D3A-5EAD45F5EF7F}.Release|Any CPU.ActiveCfg = Release|Any CPU
		{E7543811-7EE6-4609-8D3A-5EAD45F5EF7F}.Release|Any CPU.Build.0 = Release|Any CPU
		{25811FEE-88E5-4C16-BB76-CCDAE8DC1303}.Debug|Any CPU.ActiveCfg = Debug|Any CPU
		{25811FEE-88E5-4C16-BB76-CCDAE8DC1303}.Debug|Any CPU.Build.0 = Debug|Any CPU
		{25811FEE-88E5-4C16-BB76-CCDAE8DC1303}.Release|Any CPU.ActiveCfg = Release|Any CPU
		{25811FEE-88E5-4C16-BB76-CCDAE8DC1303}.Release|Any CPU.Build.0 = Release|Any CPU
		{212F8DFF-29D5-40D9-8D1D-6C3A2D43105D}.Debug|Any CPU.ActiveCfg = Debug|Any CPU
		{212F8DFF-29D5-40D9-8D1D-6C3A2D43105D}.Debug|Any CPU.Build.0 = Debug|Any CPU
		{212F8DFF-29D5-40D9-8D1D-6C3A2D43105D}.Release|Any CPU.ActiveCfg = Release|Any CPU
		{212F8DFF-29D5-40D9-8D1D-6C3A2D43105D}.Release|Any CPU.Build.0 = Release|Any CPU
		{088AA622-AEE1-45B2-9390-DCACDD20D982}.Debug|Any CPU.ActiveCfg = Debug|Any CPU
		{088AA622-AEE1-45B2-9390-DCACDD20D982}.Debug|Any CPU.Build.0 = Debug|Any CPU
		{088AA622-AEE1-45B2-9390-DCACDD20D982}.Release|Any CPU.ActiveCfg = Release|Any CPU
		{088AA622-AEE1-45B2-9390-DCACDD20D982}.Release|Any CPU.Build.0 = Release|Any CPU
		{7F225226-33AC-4456-9ED9-12FCC9227AAF}.Debug|Any CPU.ActiveCfg = Debug|Any CPU
		{7F225226-33AC-4456-9ED9-12FCC9227AAF}.Debug|Any CPU.Build.0 = Debug|Any CPU
		{7F225226-33AC-4456-9ED9-12FCC9227AAF}.Release|Any CPU.ActiveCfg = Release|Any CPU
		{7F225226-33AC-4456-9ED9-12FCC9227AAF}.Release|Any CPU.Build.0 = Release|Any CPU
		{43642733-A9E2-4151-90AB-6E3E6B70601F}.Debug|Any CPU.ActiveCfg = Debug|Any CPU
		{43642733-A9E2-4151-90AB-6E3E6B70601F}.Debug|Any CPU.Build.0 = Debug|Any CPU
		{43642733-A9E2-4151-90AB-6E3E6B70601F}.Release|Any CPU.ActiveCfg = Release|Any CPU
		{43642733-A9E2-4151-90AB-6E3E6B70601F}.Release|Any CPU.Build.0 = Release|Any CPU
		{F34C8A2C-40BC-46AC-8DFF-DA8D77FCECDF}.Debug|Any CPU.ActiveCfg = Debug|Any CPU
		{F34C8A2C-40BC-46AC-8DFF-DA8D77FCECDF}.Debug|Any CPU.Build.0 = Debug|Any CPU
		{F34C8A2C-40BC-46AC-8DFF-DA8D77FCECDF}.Release|Any CPU.ActiveCfg = Release|Any CPU
		{F34C8A2C-40BC-46AC-8DFF-DA8D77FCECDF}.Release|Any CPU.Build.0 = Release|Any CPU
		{776427E8-7F1A-48ED-AFFF-3E266BE7ADE9}.Debug|Any CPU.ActiveCfg = Debug|Any CPU
		{776427E8-7F1A-48ED-AFFF-3E266BE7ADE9}.Debug|Any CPU.Build.0 = Debug|Any CPU
		{776427E8-7F1A-48ED-AFFF-3E266BE7ADE9}.Release|Any CPU.ActiveCfg = Release|Any CPU
		{776427E8-7F1A-48ED-AFFF-3E266BE7ADE9}.Release|Any CPU.Build.0 = Release|Any CPU
		{5286C067-DB97-483F-9867-EB1AD1CE0E85}.Debug|Any CPU.ActiveCfg = Debug|Any CPU
		{5286C067-DB97-483F-9867-EB1AD1CE0E85}.Debug|Any CPU.Build.0 = Debug|Any CPU
		{5286C067-DB97-483F-9867-EB1AD1CE0E85}.Release|Any CPU.ActiveCfg = Release|Any CPU
		{5286C067-DB97-483F-9867-EB1AD1CE0E85}.Release|Any CPU.Build.0 = Release|Any CPU
	EndGlobalSection
	GlobalSection(SolutionProperties) = preSolution
		HideSolutionNode = FALSE
	EndGlobalSection
	GlobalSection(NestedProjects) = preSolution
		{061D3FCF-99F8-4C61-A84A-857D9DE66E64} = {0C094190-1980-4AB2-8CE2-C86CA91FA0BB}
		{A9E54973-3EF6-4004-9EC3-344A1BC7835A} = {0C094190-1980-4AB2-8CE2-C86CA91FA0BB}
		{CDD8AA40-4977-43FB-850B-73994F3281BD} = {0C094190-1980-4AB2-8CE2-C86CA91FA0BB}
		{77F9EFF1-EF9B-49DD-85AC-2A1D1A017082} = {0C094190-1980-4AB2-8CE2-C86CA91FA0BB}
		{7FEF85B7-837A-448B-856E-CA58E06C0BFE} = {43308F13-0F1B-4D54-9FC2-4C433222A849}
		{2124589C-8D0F-430A-81E2-25AE08B372CF} = {43308F13-0F1B-4D54-9FC2-4C433222A849}
		{53EA56C5-923F-44FC-ADEA-7F0A806A2918} = {43308F13-0F1B-4D54-9FC2-4C433222A849}
		{CB823829-E557-4AD7-B73B-B43085473827} = {43308F13-0F1B-4D54-9FC2-4C433222A849}
		{B3A37627-8F55-4980-994D-011AF433BA46} = {29FFA812-083D-4E5E-B70A-2261F50A3201}
		{04CD90B5-313D-4131-904F-AD605B873150} = {7818D1DE-FC7F-462D-8B4E-DC14CE1C53E7}
		{E7543811-7EE6-4609-8D3A-5EAD45F5EF7F} = {7818D1DE-FC7F-462D-8B4E-DC14CE1C53E7}
		{25811FEE-88E5-4C16-BB76-CCDAE8DC1303} = {7818D1DE-FC7F-462D-8B4E-DC14CE1C53E7}
		{212F8DFF-29D5-40D9-8D1D-6C3A2D43105D} = {7818D1DE-FC7F-462D-8B4E-DC14CE1C53E7}
		{088AA622-AEE1-45B2-9390-DCACDD20D982} = {7818D1DE-FC7F-462D-8B4E-DC14CE1C53E7}
		{7F225226-33AC-4456-9ED9-12FCC9227AAF} = {D359777B-D205-4CAB-99F7-09FAE718B57E}
		{43642733-A9E2-4151-90AB-6E3E6B70601F} = {D359777B-D205-4CAB-99F7-09FAE718B57E}
		{F34C8A2C-40BC-46AC-8DFF-DA8D77FCECDF} = {D359777B-D205-4CAB-99F7-09FAE718B57E}
		{776427E8-7F1A-48ED-AFFF-3E266BE7ADE9} = {D359777B-D205-4CAB-99F7-09FAE718B57E}
		{5286C067-DB97-483F-9867-EB1AD1CE0E85} = {D359777B-D205-4CAB-99F7-09FAE718B57E}
	EndGlobalSection
	GlobalSection(ExtensibilityGlobals) = postSolution
		SolutionGuid = {717D36B2-050E-47E5-8DF3-AA4CADF67B37}
	EndGlobalSection
EndGlobal
